
Microsoft Visual Studio Solution File, Format Version 12.00
# Visual Studio Version 16
VisualStudioVersion = 16.0.33214.272
MinimumVisualStudioVersion = 10.0.40219.1
Project("{FAE04EC0-301F-11D3-BF4B-00C04F79EFBC}") = "MovieTicketSystem", "MovieTicketSystem\MovieTicketSystem.csproj", "{187C2ACC-2F5B-4407-86F4-9DD9AF998778}"
EndProject
Project("{FAE04EC0-301F-11D3-BF4B-00C04F79EFBC}") = "BLL", "BLL\BLL.csproj", "{FB3234E1-4996-4D78-A47D-6AA1FAB0EE07}"
EndProject
Project("{FAE04EC0-301F-11D3-BF4B-00C04F79EFBC}") = "DAL", "DAL\DAL.csproj", "{20507D16-336D-4650-B903-21F58C07E9B9}"
EndProject
Global
	GlobalSection(SolutionConfigurationPlatforms) = preSolution
		Debug|Any CPU = Debug|Any CPU
		Release|Any CPU = Release|Any CPU
	EndGlobalSection
	GlobalSection(ProjectConfigurationPlatforms) = postSolution
		{187C2ACC-2F5B-4407-86F4-9DD9AF998778}.Debug|Any CPU.ActiveCfg = Debug|Any CPU
		{187C2ACC-2F5B-4407-86F4-9DD9AF998778}.Debug|Any CPU.Build.0 = Debug|Any CPU
		{187C2ACC-2F5B-4407-86F4-9DD9AF998778}.Release|Any CPU.ActiveCfg = Release|Any CPU
		{187C2ACC-2F5B-4407-86F4-9DD9AF998778}.Release|Any CPU.Build.0 = Release|Any CPU
		{FB3234E1-4996-4D78-A47D-6AA1FAB0EE07}.Debug|Any CPU.ActiveCfg = Debug|Any CPU
		{FB3234E1-4996-4D78-A47D-6AA1FAB0EE07}.Debug|Any CPU.Build.0 = Debug|Any CPU
		{FB3234E1-4996-4D78-A47D-6AA1FAB0EE07}.Release|Any CPU.ActiveCfg = Release|Any CPU
		{FB3234E1-4996-4D78-A47D-6AA1FAB0EE07}.Release|Any CPU.Build.0 = Release|Any CPU
		{20507D16-336D-4650-B903-21F58C07E9B9}.Debug|Any CPU.ActiveCfg = Debug|Any CPU
		{20507D16-336D-4650-B903-21F58C07E9B9}.Debug|Any CPU.Build.0 = Debug|Any CPU
		{20507D16-336D-4650-B903-21F58C07E9B9}.Release|Any CPU.ActiveCfg = Release|Any CPU
		{20507D16-336D-4650-B903-21F58C07E9B9}.Release|Any CPU.Build.0 = Release|Any CPU
	EndGlobalSection
	GlobalSection(SolutionProperties) = preSolution
		HideSolutionNode = FALSE
	EndGlobalSection
	GlobalSection(ExtensibilityGlobals) = postSolution
		SolutionGuid = {8A4A46E5-6EC9-49F1-833A-777607327F6C}
	EndGlobalSection
EndGlobal
